
Microsoft Visual Studio Solution File, Format Version 11.00
# Visual Studio 2010
Project("{FAE04EC0-301F-11D3-BF4B-00C04F79EFBC}") = "PhotoWall", "PhotoWall\PhotoWall.csproj", "{FC67D69A-478F-4AC6-89EB-37A59283FEDF}"
EndProject
Global
	GlobalSection(SolutionConfigurationPlatforms) = preSolution
		Debug|Any CPU = Debug|Any CPU
		Release|Any CPU = Release|Any CPU
	EndGlobalSection
	GlobalSection(ProjectConfigurationPlatforms) = postSolution
		{FC67D69A-478F-4AC6-89EB-37A59283FEDF}.Debug|Any CPU.ActiveCfg = Debug|Any CPU
		{FC67D69A-478F-4AC6-89EB-37A59283FEDF}.Debug|Any CPU.Build.0 = Debug|Any CPU
		{FC67D69A-478F-4AC6-89EB-37A59283FEDF}.Release|Any CPU.ActiveCfg = Release|Any CPU
		{FC67D69A-478F-4AC6-89EB-37A59283FEDF}.Release|Any CPU.Build.0 = Release|Any CPU
	EndGlobalSection
	GlobalSection(SolutionProperties) = preSolution
		HideSolutionNode = FALSE
	EndGlobalSection
EndGlobal
